
Microsoft Visual Studio Solution File, Format Version 12.00
# Visual Studio Version 17
VisualStudioVersion = 17.0.31612.314
MinimumVisualStudioVersion = 10.0.40219.1
Project("{FAE04EC0-301F-11D3-BF4B-00C04F79EFBC}") = "RmorfBinEditorWPF", "RmorfBinEditorWPF\RmorfBinEditorWPF.csproj", "{8F2BF821-52D6-4FE7-B906-299C83167006}"
EndProject
Project("{FAE04EC0-301F-11D3-BF4B-00C04F79EFBC}") = "Updater", "Updater\Updater.csproj", "{4AC8F3F4-7C8F-4469-B9BA-EF9CE489E0E8}"
EndProject
Global
	GlobalSection(SolutionConfigurationPlatforms) = preSolution
		Debug|Any CPU = Debug|Any CPU
		Debug|x86 = Debug|x86
		Release|Any CPU = Release|Any CPU
		Release|x86 = Release|x86
	EndGlobalSection
	GlobalSection(ProjectConfigurationPlatforms) = postSolution
		{8F2BF821-52D6-4FE7-B906-299C83167006}.Debug|Any CPU.ActiveCfg = Debug|Any CPU
		{8F2BF821-52D6-4FE7-B906-299C83167006}.Debug|Any CPU.Build.0 = Debug|Any CPU
		{8F2BF821-52D6-4FE7-B906-299C83167006}.Debug|x86.ActiveCfg = Debug|x86
		{8F2BF821-52D6-4FE7-B906-299C83167006}.Debug|x86.Build.0 = Debug|x86
		{8F2BF821-52D6-4FE7-B906-299C83167006}.Release|Any CPU.ActiveCfg = Release|Any CPU
		{8F2BF821-52D6-4FE7-B906-299C83167006}.Release|Any CPU.Build.0 = Release|Any CPU
		{8F2BF821-52D6-4FE7-B906-299C83167006}.Release|x86.ActiveCfg = Release|x86
		{8F2BF821-52D6-4FE7-B906-299C83167006}.Release|x86.Build.0 = Release|x86
		{4AC8F3F4-7C8F-4469-B9BA-EF9CE489E0E8}.Debug|Any CPU.ActiveCfg = Debug|Any CPU
		{4AC8F3F4-7C8F-4469-B9BA-EF9CE489E0E8}.Debug|Any CPU.Build.0 = Debug|Any CPU
		{4AC8F3F4-7C8F-4469-B9BA-EF9CE489E0E8}.Debug|x86.ActiveCfg = Debug|Any CPU
		{4AC8F3F4-7C8F-4469-B9BA-EF9CE489E0E8}.Debug|x86.Build.0 = Debug|Any CPU
		{4AC8F3F4-7C8F-4469-B9BA-EF9CE489E0E8}.Release|Any CPU.ActiveCfg = Release|Any CPU
		{4AC8F3F4-7C8F-4469-B9BA-EF9CE489E0E8}.Release|Any CPU.Build.0 = Release|Any CPU
		{4AC8F3F4-7C8F-4469-B9BA-EF9CE489E0E8}.Release|x86.ActiveCfg = Release|Any CPU
		{4AC8F3F4-7C8F-4469-B9BA-EF9CE489E0E8}.Release|x86.Build.0 = Release|Any CPU
	EndGlobalSection
	GlobalSection(SolutionProperties) = preSolution
		HideSolutionNode = FALSE
	EndGlobalSection
	GlobalSection(ExtensibilityGlobals) = postSolution
		SolutionGuid = {30A9A91D-0782-433D-8D5F-2ED72CA9B9D2}
	EndGlobalSection
EndGlobal
