
Microsoft Visual Studio Solution File, Format Version 12.00
# Visual Studio Version 16
VisualStudioVersion = 16.0.31613.86
MinimumVisualStudioVersion = 10.0.40219.1
Project("{FAE04EC0-301F-11D3-BF4B-00C04F79EFBC}") = "RmorfBinEditorWPF", "RmorfBinEditorWPF\RmorfBinEditorWPF.csproj", "{8F2BF821-52D6-4FE7-B906-299C83167006}"
EndProject
Global
	GlobalSection(SolutionConfigurationPlatforms) = preSolution
		Debug|Any CPU = Debug|Any CPU
		Release|Any CPU = Release|Any CPU
	EndGlobalSection
	GlobalSection(ProjectConfigurationPlatforms) = postSolution
		{8F2BF821-52D6-4FE7-B906-299C83167006}.Debug|Any CPU.ActiveCfg = Debug|Any CPU
		{8F2BF821-52D6-4FE7-B906-299C83167006}.Debug|Any CPU.Build.0 = Debug|Any CPU
		{8F2BF821-52D6-4FE7-B906-299C83167006}.Release|Any CPU.ActiveCfg = Release|Any CPU
		{8F2BF821-52D6-4FE7-B906-299C83167006}.Release|Any CPU.Build.0 = Release|Any CPU
	EndGlobalSection
	GlobalSection(SolutionProperties) = preSolution
		HideSolutionNode = FALSE
	EndGlobalSection
	GlobalSection(ExtensibilityGlobals) = postSolution
		SolutionGuid = {30A9A91D-0782-433D-8D5F-2ED72CA9B9D2}
	EndGlobalSection
EndGlobal
